
Microsoft Visual Studio Solution File, Format Version 12.00
# Visual Studio Version 16
VisualStudioVersion = 16.0.31702.278
MinimumVisualStudioVersion = 10.0.40219.1
Project("{FAE04EC0-301F-11D3-BF4B-00C04F79EFBC}") = "ATM", "ATM\ATM.csproj", "{23E75460-8BBC-4F34-A41C-87B1504B8934}"
EndProject
Global
	GlobalSection(SolutionConfigurationPlatforms) = preSolution
		Debug|Any CPU = Debug|Any CPU
		Release|Any CPU = Release|Any CPU
	EndGlobalSection
	GlobalSection(ProjectConfigurationPlatforms) = postSolution
		{23E75460-8BBC-4F34-A41C-87B1504B8934}.Debug|Any CPU.ActiveCfg = Debug|Any CPU
		{23E75460-8BBC-4F34-A41C-87B1504B8934}.Debug|Any CPU.Build.0 = Debug|Any CPU
		{23E75460-8BBC-4F34-A41C-87B1504B8934}.Release|Any CPU.ActiveCfg = Release|Any CPU
		{23E75460-8BBC-4F34-A41C-87B1504B8934}.Release|Any CPU.Build.0 = Release|Any CPU
	EndGlobalSection
	GlobalSection(SolutionProperties) = preSolution
		HideSolutionNode = FALSE
	EndGlobalSection
	GlobalSection(ExtensibilityGlobals) = postSolution
		SolutionGuid = {896D7121-3AC5-4148-9A9C-F5E857AD8958}
	EndGlobalSection
EndGlobal
